
Microsoft Visual Studio Solution File, Format Version 12.00
# Visual Studio Version 17
VisualStudioVersion = 17.3.32825.248
MinimumVisualStudioVersion = 10.0.40219.1
Project("{FAE04EC0-301F-11D3-BF4B-00C04F79EFBC}") = "NZWalks.API", "NZWalks.API\NZWalks.API.csproj", "{1A7EF88E-2476-4D77-AC17-AB52433324F7}"
EndProject
Global
	GlobalSection(SolutionConfigurationPlatforms) = preSolution
		Debug|Any CPU = Debug|Any CPU
		Release|Any CPU = Release|Any CPU
	EndGlobalSection
	GlobalSection(ProjectConfigurationPlatforms) = postSolution
		{1A7EF88E-2476-4D77-AC17-AB52433324F7}.Debug|Any CPU.ActiveCfg = Debug|Any CPU
		{1A7EF88E-2476-4D77-AC17-AB52433324F7}.Debug|Any CPU.Build.0 = Debug|Any CPU
		{1A7EF88E-2476-4D77-AC17-AB52433324F7}.Release|Any CPU.ActiveCfg = Release|Any CPU
		{1A7EF88E-2476-4D77-AC17-AB52433324F7}.Release|Any CPU.Build.0 = Release|Any CPU
	EndGlobalSection
	GlobalSection(SolutionProperties) = preSolution
		HideSolutionNode = FALSE
	EndGlobalSection
	GlobalSection(ExtensibilityGlobals) = postSolution
		SolutionGuid = {4A40E15C-5E91-4B6D-865D-75C5B70521A4}
	EndGlobalSection
EndGlobal
